// !$*UTF8*$!
{
	archiveVersion = 1;
	classes = {
	};
	objectVersion = 46;
	objects = {

/* Begin PBXGroup section */
		13ED246C1D2B6FD900F1EEE9 = {
			isa = PBXGroup;
			children = (
			);
			sourceTree = "<group>";
		};
/* End PBXGroup section */

/* Begin PBXProject section */
		13ED246D1D2B6FD900F1EEE9 /* Project object */ = {
			isa = PBXProject;
			attributes = {
				LastUpgradeCheck = 0730;
			};
			buildConfigurationList = 13ED24701D2B6FD900F1EEE9 /* Build configuration list for PBXProject "irrigationNotes" */;
			compatibilityVersion = "Xcode 3.2";
			developmentRegion = English;
			hasScannedForEncodings = 0;
			knownRegions = (
				en,
			);
			mainGroup = 13ED246C1D2B6FD900F1EEE9;
			projectDirPath = "";
			projectRoot = "";
			targets = (
			);
		};
/* End PBXProject section */

/* Begin XCBuildConfiguration section */
		13ED24711D2B6FD900F1EEE9 /* Debug */ = {
			isa = XCBuildConfiguration;
			buildSettings = {
			};
			name = Debug;
		};
		13ED24721D2B6FD900F1EEE9 /* Release */ = {
			isa = XCBuildConfiguration;
			buildSettings = {
			};
			name = Release;
		};
/* End XCBuildConfiguration section */

/* Begin XCConfigurationList section */
		13ED24701D2B6FD900F1EEE9 /* Build configuration list for PBXProject "irrigationNotes" */ = {
			isa = XCConfigurationList;
			buildConfigurations = (
				13ED24711D2B6FD900F1EEE9 /* Debug */,
				13ED24721D2B6FD900F1EEE9 /* Release */,
			);
			defaultConfigurationIsVisible = 0;
			defaultConfigurationName = Release;
		};
/* End XCConfigurationList section */
	};
	rootObject = 13ED246D1D2B6FD900F1EEE9 /* Project object */;
}
